
Microsoft Visual Studio Solution File, Format Version 12.00
# Visual Studio Version 17
VisualStudioVersion = 17.7.34221.43
MinimumVisualStudioVersion = 10.0.40219.1
Project("{FAE04EC0-301F-11D3-BF4B-00C04F79EFBC}") = "HotelManager.WebApi", "HotelManager.WebApi\HotelManager.WebApi.csproj", "{81B53F61-8105-467A-8DEF-6EC47AF21E01}"
EndProject
Project("{FAE04EC0-301F-11D3-BF4B-00C04F79EFBC}") = "HotelManager.Repository", "HotelManager.Repository\HotelManager.Repository.csproj", "{6C8593D7-A6CD-4ADF-B559-4078CCA21603}"
EndProject
Project("{FAE04EC0-301F-11D3-BF4B-00C04F79EFBC}") = "HotelManager.Repository.Common", "HotelManager.Repository.Common\HotelManager.Repository.Common.csproj", "{C2BE7AC5-775F-4F9A-BE9C-40D0D5F053AB}"
EndProject
Project("{FAE04EC0-301F-11D3-BF4B-00C04F79EFBC}") = "HotelManager.Service", "HotelManager.Service\HotelManager.Service.csproj", "{8B7FAD44-A661-41F3-8ED8-3AD1017C071A}"
EndProject
Project("{FAE04EC0-301F-11D3-BF4B-00C04F79EFBC}") = "HotelManager.Service.Common", "HotelManager.Service.Common\HotelManager.Service.Common.csproj", "{33BC6012-0727-48E0-8FB0-C082551D8A9F}"
EndProject
Project("{FAE04EC0-301F-11D3-BF4B-00C04F79EFBC}") = "HotelManager.Common", "HotelManager.Common\HotelManager.Common.csproj", "{21432476-94A2-4E11-8C46-C5750CEF10B8}"
EndProject
Project("{FAE04EC0-301F-11D3-BF4B-00C04F79EFBC}") = "HotelManager.Model", "HotelManager.Model\HotelManager.Model.csproj", "{F1CCC69D-2925-4124-B5F3-C73680E29214}"
EndProject
Project("{FAE04EC0-301F-11D3-BF4B-00C04F79EFBC}") = "HotelManager.DAL", "HotelManager.DAL\HotelManager.DAL.csproj", "{F8522C67-E872-42E5-94C5-DA68FFCA7175}"
EndProject
Project("{FAE04EC0-301F-11D3-BF4B-00C04F79EFBC}") = "HotelManager.Model.Common", "HotelManager.Model.Common\HotelManager.Model.Common.csproj", "{81D7DB50-2AAB-4F51-8674-C7DF48C209CB}"
EndProject
Global
	GlobalSection(SolutionConfigurationPlatforms) = preSolution
		Debug|Any CPU = Debug|Any CPU
		Release|Any CPU = Release|Any CPU
	EndGlobalSection
	GlobalSection(ProjectConfigurationPlatforms) = postSolution
		{81B53F61-8105-467A-8DEF-6EC47AF21E01}.Debug|Any CPU.ActiveCfg = Debug|Any CPU
		{81B53F61-8105-467A-8DEF-6EC47AF21E01}.Debug|Any CPU.Build.0 = Debug|Any CPU
		{81B53F61-8105-467A-8DEF-6EC47AF21E01}.Release|Any CPU.ActiveCfg = Release|Any CPU
		{81B53F61-8105-467A-8DEF-6EC47AF21E01}.Release|Any CPU.Build.0 = Release|Any CPU
		{6C8593D7-A6CD-4ADF-B559-4078CCA21603}.Debug|Any CPU.ActiveCfg = Debug|Any CPU
		{6C8593D7-A6CD-4ADF-B559-4078CCA21603}.Debug|Any CPU.Build.0 = Debug|Any CPU
		{6C8593D7-A6CD-4ADF-B559-4078CCA21603}.Release|Any CPU.ActiveCfg = Release|Any CPU
		{6C8593D7-A6CD-4ADF-B559-4078CCA21603}.Release|Any CPU.Build.0 = Release|Any CPU
		{C2BE7AC5-775F-4F9A-BE9C-40D0D5F053AB}.Debug|Any CPU.ActiveCfg = Debug|Any CPU
		{C2BE7AC5-775F-4F9A-BE9C-40D0D5F053AB}.Debug|Any CPU.Build.0 = Debug|Any CPU
		{C2BE7AC5-775F-4F9A-BE9C-40D0D5F053AB}.Release|Any CPU.ActiveCfg = Release|Any CPU
		{C2BE7AC5-775F-4F9A-BE9C-40D0D5F053AB}.Release|Any CPU.Build.0 = Release|Any CPU
		{8B7FAD44-A661-41F3-8ED8-3AD1017C071A}.Debug|Any CPU.ActiveCfg = Debug|Any CPU
		{8B7FAD44-A661-41F3-8ED8-3AD1017C071A}.Debug|Any CPU.Build.0 = Debug|Any CPU
		{8B7FAD44-A661-41F3-8ED8-3AD1017C071A}.Release|Any CPU.ActiveCfg = Release|Any CPU
		{8B7FAD44-A661-41F3-8ED8-3AD1017C071A}.Release|Any CPU.Build.0 = Release|Any CPU
		{33BC6012-0727-48E0-8FB0-C082551D8A9F}.Debug|Any CPU.ActiveCfg = Debug|Any CPU
		{33BC6012-0727-48E0-8FB0-C082551D8A9F}.Debug|Any CPU.Build.0 = Debug|Any CPU
		{33BC6012-0727-48E0-8FB0-C082551D8A9F}.Release|Any CPU.ActiveCfg = Release|Any CPU
		{33BC6012-0727-48E0-8FB0-C082551D8A9F}.Release|Any CPU.Build.0 = Release|Any CPU
		{21432476-94A2-4E11-8C46-C5750CEF10B8}.Debug|Any CPU.ActiveCfg = Debug|Any CPU
		{21432476-94A2-4E11-8C46-C5750CEF10B8}.Debug|Any CPU.Build.0 = Debug|Any CPU
		{21432476-94A2-4E11-8C46-C5750CEF10B8}.Release|Any CPU.ActiveCfg = Release|Any CPU
		{21432476-94A2-4E11-8C46-C5750CEF10B8}.Release|Any CPU.Build.0 = Release|Any CPU
		{F1CCC69D-2925-4124-B5F3-C73680E29214}.Debug|Any CPU.ActiveCfg = Debug|Any CPU
		{F1CCC69D-2925-4124-B5F3-C73680E29214}.Debug|Any CPU.Build.0 = Debug|Any CPU
		{F1CCC69D-2925-4124-B5F3-C73680E29214}.Release|Any CPU.ActiveCfg = Release|Any CPU
		{F1CCC69D-2925-4124-B5F3-C73680E29214}.Release|Any CPU.Build.0 = Release|Any CPU
		{F8522C67-E872-42E5-94C5-DA68FFCA7175}.Debug|Any CPU.ActiveCfg = Debug|Any CPU
		{F8522C67-E872-42E5-94C5-DA68FFCA7175}.Debug|Any CPU.Build.0 = Debug|Any CPU
		{F8522C67-E872-42E5-94C5-DA68FFCA7175}.Release|Any CPU.ActiveCfg = Release|Any CPU
		{F8522C67-E872-42E5-94C5-DA68FFCA7175}.Release|Any CPU.Build.0 = Release|Any CPU
		{81D7DB50-2AAB-4F51-8674-C7DF48C209CB}.Debug|Any CPU.ActiveCfg = Debug|Any CPU
		{81D7DB50-2AAB-4F51-8674-C7DF48C209CB}.Debug|Any CPU.Build.0 = Debug|Any CPU
		{81D7DB50-2AAB-4F51-8674-C7DF48C209CB}.Release|Any CPU.ActiveCfg = Release|Any CPU
		{81D7DB50-2AAB-4F51-8674-C7DF48C209CB}.Release|Any CPU.Build.0 = Release|Any CPU
	EndGlobalSection
	GlobalSection(SolutionProperties) = preSolution
		HideSolutionNode = FALSE
	EndGlobalSection
	GlobalSection(ExtensibilityGlobals) = postSolution
		SolutionGuid = {2875797D-FC4F-4497-BA32-5C25F758EDE1}
	EndGlobalSection
EndGlobal
